
Microsoft Visual Studio Solution File, Format Version 12.00
# Visual Studio 15
VisualStudioVersion = 15.0.26020.0
MinimumVisualStudioVersion = 10.0.40219.1
Project("{8BC9CEB8-8B4A-11D0-8D11-00A0C91BC942}") = "dgncomp", "dgncomp.vcxproj", "{8A3F81C7-2968-49A8-86BF-2669412AD7DE}"
	ProjectSection(ProjectDependencies) = postProject
		{93F10526-209E-41D7-BBEA-775787876895} = {93F10526-209E-41D7-BBEA-775787876895}
		{63F9B82B-F589-4082-ABE5-D4F0682050AB} = {63F9B82B-F589-4082-ABE5-D4F0682050AB}
		{9DD9C52E-E8C9-4533-BD22-83C055C0AABA} = {9DD9C52E-E8C9-4533-BD22-83C055C0AABA}
		{BA3DD34C-04B7-40D0-B373-9329AA9E8945} = {BA3DD34C-04B7-40D0-B373-9329AA9E8945}
		{642BC75D-ABAF-403E-8224-7C725FD4CB42} = {642BC75D-ABAF-403E-8224-7C725FD4CB42}
		{55946465-FC65-47B3-BB48-742C7694C0D6} = {55946465-FC65-47B3-BB48-742C7694C0D6}
		{609BC774-C6F8-4B2B-AA7D-5B3D0EA95751} = {609BC774-C6F8-4B2B-AA7D-5B3D0EA95751}
		{6813477F-64B6-4B97-B230-438D0D233385} = {6813477F-64B6-4B97-B230-438D0D233385}
		{FF144DFB-83A5-4D26-A598-715A2B354782} = {FF144DFB-83A5-4D26-A598-715A2B354782}
	EndProjectSection
EndProject
Project("{8BC9CEB8-8B4A-11D0-8D11-00A0C91BC942}") = "dgnstuff", "dgnstuff.vcxproj", "{B9E02F2C-8851-442B-BF2A-3581802B78D4}"
EndProject
Project("{8BC9CEB8-8B4A-11D0-8D11-00A0C91BC942}") = "dlb_main", "dlb_main.vcxproj", "{0303A585-3F83-4BB7-AF6B-1E12C8FB54AC}"
EndProject
Project("{8BC9CEB8-8B4A-11D0-8D11-00A0C91BC942}") = "levcomp", "levcomp.vcxproj", "{9DD9C52E-E8C9-4533-BD22-83C055C0AABA}"
EndProject
Project("{8BC9CEB8-8B4A-11D0-8D11-00A0C91BC942}") = "levstuff", "levstuff.vcxproj", "{FF144DFB-83A5-4D26-A598-715A2B354782}"
EndProject
Project("{8BC9CEB8-8B4A-11D0-8D11-00A0C91BC942}") = "makedefs", "makedefs.vcxproj", "{BA3DD34C-04B7-40D0-B373-9329AA9E8945}"
EndProject
Project("{8BC9CEB8-8B4A-11D0-8D11-00A0C91BC942}") = "NetHack", "NetHack.vcxproj", "{609BC774-C6F8-4B2B-AA7D-5B3D0EA95751}"
EndProject
Project("{8BC9CEB8-8B4A-11D0-8D11-00A0C91BC942}") = "NetHackW", "NetHackW.vcxproj", "{CEC5D360-8804-454F-8591-002184C23499}"
EndProject
Project("{8BC9CEB8-8B4A-11D0-8D11-00A0C91BC942}") = "nhdefkey", "nhdefkey.vcxproj", "{6813477F-64B6-4B97-B230-438D0D233385}"
EndProject
Project("{8BC9CEB8-8B4A-11D0-8D11-00A0C91BC942}") = "recover", "recover.vcxproj", "{2F35F228-6733-4FE5-9B46-B3AA10D4BC2E}"
EndProject
Project("{8BC9CEB8-8B4A-11D0-8D11-00A0C91BC942}") = "tile2bmp", "tile2bmp.vcxproj", "{642BC75D-ABAF-403E-8224-7C725FD4CB42}"
EndProject
Project("{8BC9CEB8-8B4A-11D0-8D11-00A0C91BC942}") = "tilemap", "tilemap.vcxproj", "{93F10526-209E-41D7-BBEA-775787876895}"
EndProject
Project("{8BC9CEB8-8B4A-11D0-8D11-00A0C91BC942}") = "tiles", "tiles.vcxproj", "{55946465-FC65-47B3-BB48-742C7694C0D6}"
EndProject
Project("{8BC9CEB8-8B4A-11D0-8D11-00A0C91BC942}") = "uudecode", "uudecode.vcxproj", "{63F9B82B-F589-4082-ABE5-D4F0682050AB}"
EndProject
Global
	GlobalSection(SolutionConfigurationPlatforms) = preSolution
		Debug|x64 = Debug|x64
		Debug|x86 = Debug|x86
		Release|x64 = Release|x64
		Release|x86 = Release|x86
	EndGlobalSection
	GlobalSection(ProjectConfigurationPlatforms) = postSolution
		{8A3F81C7-2968-49A8-86BF-2669412AD7DE}.Debug|x64.ActiveCfg = Debug|x64
		{8A3F81C7-2968-49A8-86BF-2669412AD7DE}.Debug|x64.Build.0 = Debug|x64
		{8A3F81C7-2968-49A8-86BF-2669412AD7DE}.Debug|x86.ActiveCfg = Debug|Win32
		{8A3F81C7-2968-49A8-86BF-2669412AD7DE}.Debug|x86.Build.0 = Debug|Win32
		{8A3F81C7-2968-49A8-86BF-2669412AD7DE}.Release|x64.ActiveCfg = Release|x64
		{8A3F81C7-2968-49A8-86BF-2669412AD7DE}.Release|x64.Build.0 = Release|x64
		{8A3F81C7-2968-49A8-86BF-2669412AD7DE}.Release|x86.ActiveCfg = Release|Win32
		{8A3F81C7-2968-49A8-86BF-2669412AD7DE}.Release|x86.Build.0 = Release|Win32
		{B9E02F2C-8851-442B-BF2A-3581802B78D4}.Debug|x64.ActiveCfg = Debug|x64
		{B9E02F2C-8851-442B-BF2A-3581802B78D4}.Debug|x64.Build.0 = Debug|x64
		{B9E02F2C-8851-442B-BF2A-3581802B78D4}.Debug|x86.ActiveCfg = Debug|Win32
		{B9E02F2C-8851-442B-BF2A-3581802B78D4}.Debug|x86.Build.0 = Debug|Win32
		{B9E02F2C-8851-442B-BF2A-3581802B78D4}.Release|x64.ActiveCfg = Release|x64
		{B9E02F2C-8851-442B-BF2A-3581802B78D4}.Release|x64.Build.0 = Release|x64
		{B9E02F2C-8851-442B-BF2A-3581802B78D4}.Release|x86.ActiveCfg = Release|Win32
		{B9E02F2C-8851-442B-BF2A-3581802B78D4}.Release|x86.Build.0 = Release|Win32
		{0303A585-3F83-4BB7-AF6B-1E12C8FB54AC}.Debug|x64.ActiveCfg = Debug|x64
		{0303A585-3F83-4BB7-AF6B-1E12C8FB54AC}.Debug|x64.Build.0 = Debug|x64
		{0303A585-3F83-4BB7-AF6B-1E12C8FB54AC}.Debug|x86.ActiveCfg = Debug|Win32
		{0303A585-3F83-4BB7-AF6B-1E12C8FB54AC}.Debug|x86.Build.0 = Debug|Win32
		{0303A585-3F83-4BB7-AF6B-1E12C8FB54AC}.Release|x64.ActiveCfg = Release|x64
		{0303A585-3F83-4BB7-AF6B-1E12C8FB54AC}.Release|x64.Build.0 = Release|x64
		{0303A585-3F83-4BB7-AF6B-1E12C8FB54AC}.Release|x86.ActiveCfg = Release|Win32
		{0303A585-3F83-4BB7-AF6B-1E12C8FB54AC}.Release|x86.Build.0 = Release|Win32
		{9DD9C52E-E8C9-4533-BD22-83C055C0AABA}.Debug|x64.ActiveCfg = Debug|x64
		{9DD9C52E-E8C9-4533-BD22-83C055C0AABA}.Debug|x64.Build.0 = Debug|x64
		{9DD9C52E-E8C9-4533-BD22-83C055C0AABA}.Debug|x86.ActiveCfg = Debug|Win32
		{9DD9C52E-E8C9-4533-BD22-83C055C0AABA}.Debug|x86.Build.0 = Debug|Win32
		{9DD9C52E-E8C9-4533-BD22-83C055C0AABA}.Release|x64.ActiveCfg = Release|x64
		{9DD9C52E-E8C9-4533-BD22-83C055C0AABA}.Release|x64.Build.0 = Release|x64
		{9DD9C52E-E8C9-4533-BD22-83C055C0AABA}.Release|x86.ActiveCfg = Release|Win32
		{9DD9C52E-E8C9-4533-BD22-83C055C0AABA}.Release|x86.Build.0 = Release|Win32
		{FF144DFB-83A5-4D26-A598-715A2B354782}.Debug|x64.ActiveCfg = Debug|x64
		{FF144DFB-83A5-4D26-A598-715A2B354782}.Debug|x64.Build.0 = Debug|x64
		{FF144DFB-83A5-4D26-A598-715A2B354782}.Debug|x86.ActiveCfg = Debug|Win32
		{FF144DFB-83A5-4D26-A598-715A2B354782}.Debug|x86.Build.0 = Debug|Win32
		{FF144DFB-83A5-4D26-A598-715A2B354782}.Release|x64.ActiveCfg = Release|x64
		{FF144DFB-83A5-4D26-A598-715A2B354782}.Release|x64.Build.0 = Release|x64
		{FF144DFB-83A5-4D26-A598-715A2B354782}.Release|x86.ActiveCfg = Release|Win32
		{FF144DFB-83A5-4D26-A598-715A2B354782}.Release|x86.Build.0 = Release|Win32
		{BA3DD34C-04B7-40D0-B373-9329AA9E8945}.Debug|x64.ActiveCfg = Debug|x64
		{BA3DD34C-04B7-40D0-B373-9329AA9E8945}.Debug|x64.Build.0 = Debug|x64
		{BA3DD34C-04B7-40D0-B373-9329AA9E8945}.Debug|x86.ActiveCfg = Debug|Win32
		{BA3DD34C-04B7-40D0-B373-9329AA9E8945}.Debug|x86.Build.0 = Debug|Win32
		{BA3DD34C-04B7-40D0-B373-9329AA9E8945}.Release|x64.ActiveCfg = Release|x64
		{BA3DD34C-04B7-40D0-B373-9329AA9E8945}.Release|x64.Build.0 = Release|x64
		{BA3DD34C-04B7-40D0-B373-9329AA9E8945}.Release|x86.ActiveCfg = Release|Win32
		{BA3DD34C-04B7-40D0-B373-9329AA9E8945}.Release|x86.Build.0 = Release|Win32
		{609BC774-C6F8-4B2B-AA7D-5B3D0EA95751}.Debug|x64.ActiveCfg = Debug|x64
		{609BC774-C6F8-4B2B-AA7D-5B3D0EA95751}.Debug|x64.Build.0 = Debug|x64
		{609BC774-C6F8-4B2B-AA7D-5B3D0EA95751}.Debug|x86.ActiveCfg = Debug|Win32
		{609BC774-C6F8-4B2B-AA7D-5B3D0EA95751}.Debug|x86.Build.0 = Debug|Win32
		{609BC774-C6F8-4B2B-AA7D-5B3D0EA95751}.Release|x64.ActiveCfg = Release|x64
		{609BC774-C6F8-4B2B-AA7D-5B3D0EA95751}.Release|x64.Build.0 = Release|x64
		{609BC774-C6F8-4B2B-AA7D-5B3D0EA95751}.Release|x86.ActiveCfg = Release|Win32
		{609BC774-C6F8-4B2B-AA7D-5B3D0EA95751}.Release|x86.Build.0 = Release|Win32
		{CEC5D360-8804-454F-8591-002184C23499}.Debug|x64.ActiveCfg = Debug|x64
		{CEC5D360-8804-454F-8591-002184C23499}.Debug|x64.Build.0 = Debug|x64
		{CEC5D360-8804-454F-8591-002184C23499}.Debug|x86.ActiveCfg = Debug|Win32
		{CEC5D360-8804-454F-8591-002184C23499}.Debug|x86.Build.0 = Debug|Win32
		{CEC5D360-8804-454F-8591-002184C23499}.Release|x64.ActiveCfg = Release|x64
		{CEC5D360-8804-454F-8591-002184C23499}.Release|x64.Build.0 = Release|x64
		{CEC5D360-8804-454F-8591-002184C23499}.Release|x86.ActiveCfg = Release|Win32
		{CEC5D360-8804-454F-8591-002184C23499}.Release|x86.Build.0 = Release|Win32
		{6813477F-64B6-4B97-B230-438D0D233385}.Debug|x64.ActiveCfg = Debug|x64
		{6813477F-64B6-4B97-B230-438D0D233385}.Debug|x64.Build.0 = Debug|x64
		{6813477F-64B6-4B97-B230-438D0D233385}.Debug|x86.ActiveCfg = Debug|Win32
		{6813477F-64B6-4B97-B230-438D0D233385}.Debug|x86.Build.0 = Debug|Win32
		{6813477F-64B6-4B97-B230-438D0D233385}.Release|x64.ActiveCfg = Release|x64
		{6813477F-64B6-4B97-B230-438D0D233385}.Release|x64.Build.0 = Release|x64
		{6813477F-64B6-4B97-B230-438D0D233385}.Release|x86.ActiveCfg = Release|Win32
		{6813477F-64B6-4B97-B230-438D0D233385}.Release|x86.Build.0 = Release|Win32
		{2F35F228-6733-4FE5-9B46-B3AA10D4BC2E}.Debug|x64.ActiveCfg = Debug|x64
		{2F35F228-6733-4FE5-9B46-B3AA10D4BC2E}.Debug|x64.Build.0 = Debug|x64
		{2F35F228-6733-4FE5-9B46-B3AA10D4BC2E}.Debug|x86.ActiveCfg = Debug|Win32
		{2F35F228-6733-4FE5-9B46-B3AA10D4BC2E}.Debug|x86.Build.0 = Debug|Win32
		{2F35F228-6733-4FE5-9B46-B3AA10D4BC2E}.Release|x64.ActiveCfg = Release|x64
		{2F35F228-6733-4FE5-9B46-B3AA10D4BC2E}.Release|x64.Build.0 = Release|x64
		{2F35F228-6733-4FE5-9B46-B3AA10D4BC2E}.Release|x86.ActiveCfg = Release|Win32
		{2F35F228-6733-4FE5-9B46-B3AA10D4BC2E}.Release|x86.Build.0 = Release|Win32
		{642BC75D-ABAF-403E-8224-7C725FD4CB42}.Debug|x64.ActiveCfg = Debug|x64
		{642BC75D-ABAF-403E-8224-7C725FD4CB42}.Debug|x64.Build.0 = Debug|x64
		{642BC75D-ABAF-403E-8224-7C725FD4CB42}.Debug|x86.ActiveCfg = Debug|Win32
		{642BC75D-ABAF-403E-8224-7C725FD4CB42}.Debug|x86.Build.0 = Debug|Win32
		{642BC75D-ABAF-403E-8224-7C725FD4CB42}.Release|x64.ActiveCfg = Release|x64
		{642BC75D-ABAF-403E-8224-7C725FD4CB42}.Release|x64.Build.0 = Release|x64
		{642BC75D-ABAF-403E-8224-7C725FD4CB42}.Release|x86.ActiveCfg = Release|Win32
		{642BC75D-ABAF-403E-8224-7C725FD4CB42}.Release|x86.Build.0 = Release|Win32
		{93F10526-209E-41D7-BBEA-775787876895}.Debug|x64.ActiveCfg = Debug|x64
		{93F10526-209E-41D7-BBEA-775787876895}.Debug|x64.Build.0 = Debug|x64
		{93F10526-209E-41D7-BBEA-775787876895}.Debug|x86.ActiveCfg = Debug|Win32
		{93F10526-209E-41D7-BBEA-775787876895}.Debug|x86.Build.0 = Debug|Win32
		{93F10526-209E-41D7-BBEA-775787876895}.Release|x64.ActiveCfg = Release|x64
		{93F10526-209E-41D7-BBEA-775787876895}.Release|x64.Build.0 = Release|x64
		{93F10526-209E-41D7-BBEA-775787876895}.Release|x86.ActiveCfg = Release|Win32
		{93F10526-209E-41D7-BBEA-775787876895}.Release|x86.Build.0 = Release|Win32
		{55946465-FC65-47B3-BB48-742C7694C0D6}.Debug|x64.ActiveCfg = Debug|x64
		{55946465-FC65-47B3-BB48-742C7694C0D6}.Debug|x64.Build.0 = Debug|x64
		{55946465-FC65-47B3-BB48-742C7694C0D6}.Debug|x86.ActiveCfg = Debug|Win32
		{55946465-FC65-47B3-BB48-742C7694C0D6}.Debug|x86.Build.0 = Debug|Win32
		{55946465-FC65-47B3-BB48-742C7694C0D6}.Release|x64.ActiveCfg = Release|x64
		{55946465-FC65-47B3-BB48-742C7694C0D6}.Release|x64.Build.0 = Release|x64
		{55946465-FC65-47B3-BB48-742C7694C0D6}.Release|x86.ActiveCfg = Release|Win32
		{55946465-FC65-47B3-BB48-742C7694C0D6}.Release|x86.Build.0 = Release|Win32
		{63F9B82B-F589-4082-ABE5-D4F0682050AB}.Debug|x64.ActiveCfg = Debug|x64
		{63F9B82B-F589-4082-ABE5-D4F0682050AB}.Debug|x64.Build.0 = Debug|x64
		{63F9B82B-F589-4082-ABE5-D4F0682050AB}.Debug|x86.ActiveCfg = Debug|Win32
		{63F9B82B-F589-4082-ABE5-D4F0682050AB}.Debug|x86.Build.0 = Debug|Win32
		{63F9B82B-F589-4082-ABE5-D4F0682050AB}.Release|x64.ActiveCfg = Release|x64
		{63F9B82B-F589-4082-ABE5-D4F0682050AB}.Release|x64.Build.0 = Release|x64
		{63F9B82B-F589-4082-ABE5-D4F0682050AB}.Release|x86.ActiveCfg = Release|Win32
		{63F9B82B-F589-4082-ABE5-D4F0682050AB}.Release|x86.Build.0 = Release|Win32
	EndGlobalSection
	GlobalSection(SolutionProperties) = preSolution
		HideSolutionNode = FALSE
	EndGlobalSection
EndGlobal
